
Microsoft Visual Studio Solution File, Format Version 12.00
# Visual Studio Version 17
VisualStudioVersion = 17.5.33516.290
MinimumVisualStudioVersion = 10.0.40219.1
Project("{FAE04EC0-301F-11D3-BF4B-00C04F79EFBC}") = "MyProfile", "MyProfile\MyProfile.csproj", "{5B1C7111-5AC5-451D-842F-2D1C3359B028}"
EndProject
Global
	GlobalSection(SolutionConfigurationPlatforms) = preSolution
		Debug|Any CPU = Debug|Any CPU
		Release|Any CPU = Release|Any CPU
	EndGlobalSection
	GlobalSection(ProjectConfigurationPlatforms) = postSolution
		{5B1C7111-5AC5-451D-842F-2D1C3359B028}.Debug|Any CPU.ActiveCfg = Debug|Any CPU
		{5B1C7111-5AC5-451D-842F-2D1C3359B028}.Debug|Any CPU.Build.0 = Debug|Any CPU
		{5B1C7111-5AC5-451D-842F-2D1C3359B028}.Release|Any CPU.ActiveCfg = Release|Any CPU
		{5B1C7111-5AC5-451D-842F-2D1C3359B028}.Release|Any CPU.Build.0 = Release|Any CPU
	EndGlobalSection
	GlobalSection(SolutionProperties) = preSolution
		HideSolutionNode = FALSE
	EndGlobalSection
	GlobalSection(ExtensibilityGlobals) = postSolution
		SolutionGuid = {B712132A-8EEA-4E0A-A8B0-4E256E9AE830}
	EndGlobalSection
EndGlobal
